{
    "integrity": {
        "jsr:@hansschall/rpc-broker@1.1.1/.gitattributes": "hzVWXwsznXMztOh/gKiH3JQYuOCGMCU43ZC7HwKU5Lc=",
        "jsr:@hansschall/rpc-broker@1.1.1/.github/workflows/jsr.yml": "zBgAQMGRM8sW7tWUPojyD4yMFmsmPx8CXy+0hqCcX5c=",
        "jsr:@hansschall/rpc-broker@1.1.1/.vscode/settings.json": "OUQoQ2yS/hpedWxrAGI5fRVQS5uuiuuaNhLfzM8qQOk=",
        "jsr:@hansschall/rpc-broker@1.1.1/LICENSE": "OXLcl0T2SZ8Pmy2/dmlvKuetivmyPd5m1q+Gyd+zaYY=",
        "jsr:@hansschall/rpc-broker@1.1.1/README.md": "S5rcAubxDXv7+A+q2AwUj1yA1QAACNCqrci51DJqzFg=",
        "jsr:@hansschall/rpc-broker@1.1.1/deno.json": "lUQVEYG3KvE2CKEBs05Xwiw7x10dFEdPdmHn8eIvvb0=",
        "jsr:@hansschall/rpc-broker@1.1.1/deno.lock": "H0zO/TxjxTmbyNqM1bQyXD1jvtaDaKX/WbYK5kQRQ5U=",
        "jsr:@hansschall/rpc-broker@1.1.1/examples/counter.ts": "HccpqGSuOuSkrULm4KYs2hl3QlsiWFv4pLpSjmyvGng=",
        "jsr:@hansschall/rpc-broker@1.1.1/examples/websocket.ts": "tEIy/1gunZ4NW8qTBhxYAOXOMVBPISEkiIktBsFToOk=",
        "jsr:@hansschall/rpc-broker@1.1.1/src/client/call.ts": "LcJeITonupf+tm6psjMPiOQ6cfejvwIaw+dYtVo2ep8=",
        "jsr:@hansschall/rpc-broker@1.1.1/src/client/client.ts": "aKd6ERTtN9vj2OnD/Y1sG9r+gWvFpCzix+sxv1F/G9o=",
        "jsr:@hansschall/rpc-broker@1.1.1/src/client/client_api.ts": "KMQ+H/ExGbiP4QXCL+377OkKGriIAGNk8mD/jR4FN9Y=",
        "jsr:@hansschall/rpc-broker@1.1.1/src/client/session.ts": "T2wqMXtX18j9d4HPbwdbz5QMHBzHgrPCA6gM+ljN+bM=",
        "jsr:@hansschall/rpc-broker@1.1.1/src/client/signal.ts": "1z3uX+s2YV8/GccMeBI2pP91Ix5t5mLH/nzVwjxunUE=",
        "jsr:@hansschall/rpc-broker@1.1.1/src/deps.ts": "losrAnL9pC13Rf1T4TreJaKXucA0/1bLJvIduJHXL10=",
        "jsr:@hansschall/rpc-broker@1.1.1/src/helper/attach_direct.ts": "c9ex8dQOKQMjNStL1iumNvfP+2XjqgsznP592nuLr/Q=",
        "jsr:@hansschall/rpc-broker@1.1.1/src/helper/attach_uplink.ts": "resCHiLvRq8Nr1HR/hk/fktZqx3hBF0RWPV+MdJ7PEM=",
        "jsr:@hansschall/rpc-broker@1.1.1/src/helper/attach_websocket.ts": "mYmD7FykfIk354QexQWij4cUTdiYxBqdefm2rrLUN50=",
        "jsr:@hansschall/rpc-broker@1.1.1/src/helper/mutable.ts": "8v3YY8JAOkaWFR/EYsauhOP+uwad+pMFxd+rCv+uciQ=",
        "jsr:@hansschall/rpc-broker@1.1.1/src/helper/websocket_client.ts": "Yd+dMUZnIoGWIIcWTkEPGMpnPZH/zD+Qkkabtj138M8=",
        "jsr:@hansschall/rpc-broker@1.1.1/src/helper/websocket_server.ts": "mTM9ouENCNVEeqDpvGlGN7lb9SxIdE+JWobe/1h2aTw=",
        "jsr:@hansschall/rpc-broker@1.1.1/src/hub/hub.ts": "54Gu752F+1btWl2UAPFULExVfaPgW56LVbmH3FJUsPQ=",
        "jsr:@hansschall/rpc-broker@1.1.1/src/hub/hubClient.ts": "K30POceqju0vLyH4zByeQfDyf1mSQY7Us8RMjBHjD3E=",
        "jsr:@hansschall/rpc-broker@1.1.1/src/hub/hubMod.ts": "y/XOhb9XfSbRc/CmieLDnkdyGRxkxTh95eWawItC0gs=",
        "jsr:@hansschall/rpc-broker@1.1.1/src/hub/hubSignal.ts": "bMZ4xEUZb85tUAsa4d+uua31vZgNN0E2xVbfq4S7yfM=",
        "jsr:@hansschall/rpc-broker@1.1.1/src/lib/object_stream.bench.ts": "3WD4ipZbPHfFv9qGwCLXOZLDT7rWCGzKky/ZVQ4XjL8=",
        "jsr:@hansschall/rpc-broker@1.1.1/src/lib/object_stream.test.ts": "SEhCn3OgT+QvqEWkeAOyaKrZHm/IXZv7X9ptj0xrD2A=",
        "jsr:@hansschall/rpc-broker@1.1.1/src/lib/object_stream.ts": "MY56LvqenRncxtCPqcwdG8Ym/ZLnXF/9q4WFcMoH1cA=",
        "jsr:@hansschall/rpc-broker@1.1.1/src/lib/websocket_stream.ts": "Tti470j34chhgHXrtaRCcN01DVLevGdn93BB9wC0q44=",
        "jsr:@hansschall/rpc-broker@1.1.1/src/lib/zod_stream.ts": "MV0LIe2LgQ28GCGuGA6McXDQZ5JFwzZ5OIcZtAWCmDA=",
        "jsr:@hansschall/rpc-broker@1.1.1/src/mod.ts": "8xCMPfBsAgP62Z7nsC/plS/E76cufs6gl23NREfXQcM=",
        "jsr:@hansschall/rpc-broker@1.1.1/src/schema.ts": "goL5liZCy/m6zh7j9YHHudsbj2CKZEs+KjUIAbZNzH8=",
        "jsr:@hansschall/rpc-broker@1.1.1/src/server/call.ts": "ZkEfX5g94we9EJmO3U+s3ugnULrrZSpjGIdSYCW7PVQ=",
        "jsr:@hansschall/rpc-broker@1.1.1/src/server/conn.ts": "XEghBP9ZbceNFe0jB8qxreICXXhXALrL3QqR+emnP1U=",
        "jsr:@hansschall/rpc-broker@1.1.1/src/server/merge_signal.test.ts": "DUWNp2twvRGT6pYhm9tLCjBQCSJF0nCo+jUI55tcNB4=",
        "jsr:@hansschall/rpc-broker@1.1.1/src/server/merge_signal.ts": "3dZ5bbVb32iVRf4l/Z2a5A/2g6fSGBq+E7vjq6atc3A=",
        "jsr:@hansschall/rpc-broker@1.1.1/src/server/server.ts": "Y81yedVebdP/G0eWm/yb+6i56dlJG0hJeH5S/E37BOY=",
        "jsr:@hansschall/rpc-broker@1.1.1/src/server/signal.ts": "9pDgau80pa/qCnkPxccVYFVpw1iXgVyA/b0uHqYp8Dg=",
        "jsr:@hansschall/rpc-broker@1.1.1/src/tests/bench.ts": "futByQvrGpyVvmF/5zXdEH5HlnFMdM43+mMZtzK5QQk=",
        "jsr:@hansschall/rpc-broker@1.1.1/src/tests/integration.test.ts": "cT2YqymTRPVpgBk/qKvlQYWIwtoOm/zvm+FrScKAtII=",
        "jsr:@hansschall/rpc-broker@1.1.1/src/tests/wait.ts": "l58qCdCVolsQHL3MHppM0EHGQD7RdYxHbfpaUwZJ1ew=",
        "jsr:@hansschall/rpc-broker@1.1.1~metadata": "l41twZHkG6OIQreWKAPUptlaasys/eBXGhpKSkA7tsA=",
        "jsr:@std/encoding@0.223.0/README.md": "UypPDSJ9ZR+JxOC5zwH6UkkqsEvLr+mB+FtZctFSg+c=",
        "jsr:@std/encoding@0.223.0/_util.ts": "vqzvMWwSVdqbyOla+x+lbtabrvkZyI3AaubLemED03Y=",
        "jsr:@std/encoding@0.223.0/_util_test.ts": "LWIQ1nxK98WJ/Et6dqLuCYLTst7LOIC7aK4sNv8Gybk=",
        "jsr:@std/encoding@0.223.0/ascii85.ts": "1BDv9S33xYLNL09HlVDuvKUEsTLNuGyo/Uha/U6XyfQ=",
        "jsr:@std/encoding@0.223.0/ascii85_test.ts": "OQb06QFXJD6mbNMoSvB14VT73hTrL2N78JJoEBcWXBo=",
        "jsr:@std/encoding@0.223.0/base32.ts": "RHHoy/7zMIq2f0Of1/R97XvLfS290CbfXfpD3ydq5aM=",
        "jsr:@std/encoding@0.223.0/base32_test.ts": "0avARcHlBar4yeJWw5POQ0PFi6PmhFq59Oko2/Y5Lgo=",
        "jsr:@std/encoding@0.223.0/base58.ts": "A2V4S5OZ6LBZEaz290Vs/h2rEn5bEKnjawnYixJfBto=",
        "jsr:@std/encoding@0.223.0/base58_test.ts": "/u3Px7ZIiJ+JKECMdzp+j/M0jdw2k0IHnL7ujL3JAoY=",
        "jsr:@std/encoding@0.223.0/base64.ts": "hT/pBwDtI/vMNBAj5JPeh6RTfGailKafuaUOgMXlgZM=",
        "jsr:@std/encoding@0.223.0/base64_test.ts": "8kewY89ikGuDC3DQUEb7LaopA5f/B0+6PKjwlakcbO0=",
        "jsr:@std/encoding@0.223.0/base64url.ts": "uRAHNVvALwWRgO8jGAS6j92pDlgGSlAmrYPTZYrASqQ=",
        "jsr:@std/encoding@0.223.0/base64url_test.ts": "cDlfqHm4b05Op28ULoZpng469uyXGhEQqx86GpOAwSI=",
        "jsr:@std/encoding@0.223.0/deno.json": "Wvo7qaJuJHg23svkSJVe+3TsGyjOKbTQ3s39Gdi5/Co=",
        "jsr:@std/encoding@0.223.0/hex.ts": "+KLr6h0DBI/K30mwFSkWG3ZjXfuy11ecKhs0CIShiko=",
        "jsr:@std/encoding@0.223.0/hex_test.ts": "4J6r+Dl1pyCTTUNwlAAo/viUD/fospWKU1OD8OpDLoo=",
        "jsr:@std/encoding@0.223.0/varint.ts": "SGVX1lA4n5gex5arDB4w1fxxflTuB3E2X4Iua4qD6jU=",
        "jsr:@std/encoding@0.223.0/varint_test.ts": "cX008DDl/YS3+vI2r4EKIKUJVukls00nrLaRhSWHAaE=",
        "jsr:@std/encoding@0.223.0~metadata": "K1YVp14AM3zhE/NM8vm4wYGCx1Go3MixosL8DhF77wA="
    },
    "redirect": {
    },
    "resolve": {
        "jsr:@hansschall/rpc-broker@^1.1.0": "1.1.1",
        "jsr:@std/encoding@^0.223.0": "0.223.0",
        "npm:@preact/signals-core@^1.6.0": "1.6.0",
        "npm:@preact/signals@^1.2.3": "1.2.3",
        "npm:@prefresh/core@^1.5.2": "1.5.2",
        "npm:@prefresh/utils@^1.2.0": "1.2.0",
        "npm:msgpackr@^1.10.1": "1.10.2",
        "npm:preact@^10.20.1": "10.22.0",
        "npm:preact@^10.20.2": "10.22.0",
        "npm:zod@^3.22.4": "3.23.8"
    },
    "version": 1
}